<?xml version="1.0" encoding="utf-8"?>
<Project ToolsVersion="4.0" xmlns="http://schemas.microsoft.com/developer/msbuild/2003">
  <ItemGroup>
    <Filter Include="소스 파일">
      <UniqueIdentifier>{4FC737F1-C7A5-4376-A066-2A32D752A2FF}</UniqueIdentifier>
      <Extensions>cpp;c;cc;cxx;c++;cppm;ixx;def;odl;idl;hpj;bat;asm;asmx</Extensions>
    </Filter>
    <Filter Include="헤더 파일">
      <UniqueIdentifier>{93995380-89BD-4b04-88EB-625FBE52EBFB}</UniqueIdentifier>
      <Extensions>h;hh;hpp;hxx;h++;hm;inl;inc;ipp;xsd</Extensions>
    </Filter>
    <Filter Include="리소스 파일">
      <UniqueIdentifier>{67DA6AB6-F800-4c08-8B7A-83BB121AAD01}</UniqueIdentifier>
      <Extensions>rc;ico;cur;bmp;dlg;rc2;rct;bin;rgs;gif;jpg;jpeg;jpe;resx;tiff;tif;png;wav;mfcribbon-ms</Extensions>
    </Filter>
    <Filter Include="헤더 파일\model">
      <UniqueIdentifier>{3ddb501f-474a-47c6-a869-0f4880ac3a08}</UniqueIdentifier>
    </Filter>
    <Filter Include="헤더 파일\core">
      <UniqueIdentifier>{c5904065-b1cb-46a2-a94b-9663fe846d82}</UniqueIdentifier>
    </Filter>
    <Filter Include="소스 파일\core">
      <UniqueIdentifier>{8d031944-8469-48bf-9dec-5996cba41ae7}</UniqueIdentifier>
    </Filter>
  </ItemGroup>
  <ItemGroup>
    <ClInclude Include="framework.h">
      <Filter>헤더 파일</Filter>
    </ClInclude>
    <ClInclude Include="targetver.h">
      <Filter>헤더 파일</Filter>
    </ClInclude>
    <ClInclude Include="Resource.h">
      <Filter>헤더 파일</Filter>
    </ClInclude>
    <ClInclude Include="VehicleSimulator.h">
      <Filter>헤더 파일</Filter>
    </ClInclude>
    <ClInclude Include="BasicThread.h">
      <Filter>헤더 파일</Filter>
    </ClInclude>
    <ClInclude Include="Vehicle.h">
      <Filter>헤더 파일\model</Filter>
    </ClInclude>
    <ClInclude Include="Point.h">
      <Filter>헤더 파일\model</Filter>
    </ClInclude>
    <ClInclude Include="VehicleManager.h">
      <Filter>헤더 파일\core</Filter>
    </ClInclude>
    <ClInclude Include="Machine.h">
      <Filter>헤더 파일\model</Filter>
    </ClInclude>
    <ClInclude Include="TaskManager.h">
      <Filter>헤더 파일\core</Filter>
    </ClInclude>
    <ClInclude Include="RouteCreator.h">
      <Filter>헤더 파일\core</Filter>
    </ClInclude>
    <ClInclude Include="Node.h">
      <Filter>헤더 파일\model</Filter>
    </ClInclude>
  </ItemGroup>
  <ItemGroup>
    <ClCompile Include="VehicleSimulator.cpp">
      <Filter>소스 파일</Filter>
    </ClCompile>
    <ClCompile Include="VehicleManager.cpp">
      <Filter>소스 파일\core</Filter>
    </ClCompile>
    <ClCompile Include="TransportJob.h">
      <Filter>헤더 파일\model</Filter>
    </ClCompile>
    <ClCompile Include="AStar.cpp">
      <Filter>소스 파일\core</Filter>
    </ClCompile>
    <ClCompile Include="TaskManager.cpp">
      <Filter>소스 파일\core</Filter>
    </ClCompile>
    <ClCompile Include="VehicleExecutor.cpp">
      <Filter>소스 파일\core</Filter>
    </ClCompile>
  </ItemGroup>
  <ItemGroup>
    <ResourceCompile Include="VehicleSimulator.rc">
      <Filter>리소스 파일</Filter>
    </ResourceCompile>
  </ItemGroup>
  <ItemGroup>
    <Image Include="small.ico">
      <Filter>리소스 파일</Filter>
    </Image>
    <Image Include="VehicleSimulator.ico">
      <Filter>리소스 파일</Filter>
    </Image>
  </ItemGroup>
</Project>